
Microsoft Visual Studio Solution File, Format Version 12.00
# Visual Studio 15
VisualStudioVersion = 15.0.27703.2035
MinimumVisualStudioVersion = 10.0.40219.1
Project("{FAE04EC0-301F-11D3-BF4B-00C04F79EFBC}") = "PrismDemo", "WpfApp6\PrismDemo.csproj", "{EC70CBBE-A6F3-402B-A567-0A1B31016ABC}"
EndProject
Project("{FAE04EC0-301F-11D3-BF4B-00C04F79EFBC}") = "ModuleA", "ModuleA\ModuleA.csproj", "{3AC4CF2B-493D-4275-9293-3F26078E6A2B}"
EndProject
Project("{2150E333-8FDC-42A3-9474-1A3956D46DE8}") = "Modules", "Modules", "{800DB549-6CDB-4365-BDEB-3861D90F2616}"
EndProject
Project("{FAE04EC0-301F-11D3-BF4B-00C04F79EFBC}") = "PrismDemo.Core", "PrismDemo.Core\PrismDemo.Core.csproj", "{25FE2818-1096-4502-95F7-E9786DD568A2}"
EndProject
Global
	GlobalSection(SolutionConfigurationPlatforms) = preSolution
		Debug|Any CPU = Debug|Any CPU
		Release|Any CPU = Release|Any CPU
	EndGlobalSection
	GlobalSection(ProjectConfigurationPlatforms) = postSolution
		{EC70CBBE-A6F3-402B-A567-0A1B31016ABC}.Debug|Any CPU.ActiveCfg = Debug|Any CPU
		{EC70CBBE-A6F3-402B-A567-0A1B31016ABC}.Debug|Any CPU.Build.0 = Debug|Any CPU
		{EC70CBBE-A6F3-402B-A567-0A1B31016ABC}.Release|Any CPU.ActiveCfg = Release|Any CPU
		{EC70CBBE-A6F3-402B-A567-0A1B31016ABC}.Release|Any CPU.Build.0 = Release|Any CPU
		{3AC4CF2B-493D-4275-9293-3F26078E6A2B}.Debug|Any CPU.ActiveCfg = Debug|Any CPU
		{3AC4CF2B-493D-4275-9293-3F26078E6A2B}.Debug|Any CPU.Build.0 = Debug|Any CPU
		{3AC4CF2B-493D-4275-9293-3F26078E6A2B}.Release|Any CPU.ActiveCfg = Release|Any CPU
		{3AC4CF2B-493D-4275-9293-3F26078E6A2B}.Release|Any CPU.Build.0 = Release|Any CPU
		{25FE2818-1096-4502-95F7-E9786DD568A2}.Debug|Any CPU.ActiveCfg = Debug|Any CPU
		{25FE2818-1096-4502-95F7-E9786DD568A2}.Debug|Any CPU.Build.0 = Debug|Any CPU
		{25FE2818-1096-4502-95F7-E9786DD568A2}.Release|Any CPU.ActiveCfg = Release|Any CPU
		{25FE2818-1096-4502-95F7-E9786DD568A2}.Release|Any CPU.Build.0 = Release|Any CPU
	EndGlobalSection
	GlobalSection(SolutionProperties) = preSolution
		HideSolutionNode = FALSE
	EndGlobalSection
	GlobalSection(NestedProjects) = preSolution
		{3AC4CF2B-493D-4275-9293-3F26078E6A2B} = {800DB549-6CDB-4365-BDEB-3861D90F2616}
	EndGlobalSection
	GlobalSection(ExtensibilityGlobals) = postSolution
		SolutionGuid = {EAE482AF-2A21-4BA9-A18D-0E3C97F49C2C}
	EndGlobalSection
EndGlobal
